
Microsoft Visual Studio Solution File, Format Version 12.00
# Visual Studio Version 16
VisualStudioVersion = 16.0.30711.63
MinimumVisualStudioVersion = 10.0.40219.1
Project("{FAE04EC0-301F-11D3-BF4B-00C04F79EFBC}") = "eBookHubREST.API", "eBookHubREST.API\eBookHubREST.API.csproj", "{B859E2AC-F9CD-4E48-9425-6608E33C95C4}"
EndProject
Project("{FAE04EC0-301F-11D3-BF4B-00C04F79EFBC}") = "eBookHub.DataAccess", "eBookHub.DataAccess\eBookHub.DataAccess.csproj", "{ACCCDD1D-EB0F-4097-A3F8-D0AB6730B99E}"
EndProject
Project("{FAE04EC0-301F-11D3-BF4B-00C04F79EFBC}") = "eBookHub.Library", "eBookHub.Library\eBookHub.Library.csproj", "{3136BA66-ADBC-4338-8008-442CD7888AD0}"
EndProject
Global
	GlobalSection(SolutionConfigurationPlatforms) = preSolution
		Debug|Any CPU = Debug|Any CPU
		Release|Any CPU = Release|Any CPU
	EndGlobalSection
	GlobalSection(ProjectConfigurationPlatforms) = postSolution
		{B859E2AC-F9CD-4E48-9425-6608E33C95C4}.Debug|Any CPU.ActiveCfg = Debug|Any CPU
		{B859E2AC-F9CD-4E48-9425-6608E33C95C4}.Debug|Any CPU.Build.0 = Debug|Any CPU
		{B859E2AC-F9CD-4E48-9425-6608E33C95C4}.Release|Any CPU.ActiveCfg = Release|Any CPU
		{B859E2AC-F9CD-4E48-9425-6608E33C95C4}.Release|Any CPU.Build.0 = Release|Any CPU
		{ACCCDD1D-EB0F-4097-A3F8-D0AB6730B99E}.Debug|Any CPU.ActiveCfg = Debug|Any CPU
		{ACCCDD1D-EB0F-4097-A3F8-D0AB6730B99E}.Debug|Any CPU.Build.0 = Debug|Any CPU
		{ACCCDD1D-EB0F-4097-A3F8-D0AB6730B99E}.Release|Any CPU.ActiveCfg = Release|Any CPU
		{ACCCDD1D-EB0F-4097-A3F8-D0AB6730B99E}.Release|Any CPU.Build.0 = Release|Any CPU
		{3136BA66-ADBC-4338-8008-442CD7888AD0}.Debug|Any CPU.ActiveCfg = Debug|Any CPU
		{3136BA66-ADBC-4338-8008-442CD7888AD0}.Debug|Any CPU.Build.0 = Debug|Any CPU
		{3136BA66-ADBC-4338-8008-442CD7888AD0}.Release|Any CPU.ActiveCfg = Release|Any CPU
		{3136BA66-ADBC-4338-8008-442CD7888AD0}.Release|Any CPU.Build.0 = Release|Any CPU
	EndGlobalSection
	GlobalSection(SolutionProperties) = preSolution
		HideSolutionNode = FALSE
	EndGlobalSection
	GlobalSection(ExtensibilityGlobals) = postSolution
		SolutionGuid = {3BCE4975-E423-4786-BE9B-F368522183B6}
	EndGlobalSection
EndGlobal
