
Microsoft Visual Studio Solution File, Format Version 12.00
# Visual Studio Version 16
VisualStudioVersion = 16.0.30413.136
MinimumVisualStudioVersion = 10.0.40219.1
Project("{FAE04EC0-301F-11D3-BF4B-00C04F79EFBC}") = "eBookHubREST.API", "eBookHubREST.API\eBookHubREST.API.csproj", "{72263300-0B24-4189-8E45-FF4F7A3BD3D5}"
EndProject
Global
	GlobalSection(SolutionConfigurationPlatforms) = preSolution
		Debug|Any CPU = Debug|Any CPU
		Release|Any CPU = Release|Any CPU
	EndGlobalSection
	GlobalSection(ProjectConfigurationPlatforms) = postSolution
		{72263300-0B24-4189-8E45-FF4F7A3BD3D5}.Debug|Any CPU.ActiveCfg = Debug|Any CPU
		{72263300-0B24-4189-8E45-FF4F7A3BD3D5}.Debug|Any CPU.Build.0 = Debug|Any CPU
		{72263300-0B24-4189-8E45-FF4F7A3BD3D5}.Release|Any CPU.ActiveCfg = Release|Any CPU
		{72263300-0B24-4189-8E45-FF4F7A3BD3D5}.Release|Any CPU.Build.0 = Release|Any CPU
	EndGlobalSection
	GlobalSection(SolutionProperties) = preSolution
		HideSolutionNode = FALSE
	EndGlobalSection
	GlobalSection(ExtensibilityGlobals) = postSolution
		SolutionGuid = {8591036E-3E3F-4741-A415-02CF5B9E32C7}
	EndGlobalSection
EndGlobal
